// !$*UTF8*$!
{
	archiveVersion = 1;
	classes = {
	};
	objectVersion = 77;
	objects = {

/* Begin PBXBuildFile section */
		0742C765B9160A29FCD9478D /* ChatConfigurationView.swift in Sources */ = {isa = PBXBuildFile; fileRef = F8ECD51410493D4D5463DEAB /* ChatConfigurationView.swift */; };
		09BD37A10A985C7C9F7B7C6E /* MLXServerModel.swift in Sources */ = {isa = PBXBuildFile; fileRef = 00894697C171C6B288BF0103 /* MLXServerModel.swift */; };
		0E204CDE3A896369EB992489 /* MLXServerKit.framework in Frameworks */ = {isa = PBXBuildFile; fileRef = 32C59FCF6B22E2798D525B70 /* MLXServerKit.framework */; };
		1ACD7C1CA60EA1DEDE1FF275 /* MLXServerImageClient.swift in Sources */ = {isa = PBXBuildFile; fileRef = 15AE0B934327136178FAC319 /* MLXServerImageClient.swift */; };
		1B49400F4523A4F61CBCAF9E /* MLXServerKit.framework in Embed Frameworks */ = {isa = PBXBuildFile; fileRef = 32C59FCF6B22E2798D525B70 /* MLXServerKit.framework */; settings = {ATTRIBUTES = (CodeSignOnCopy, RemoveHeadersOnCopy, ); }; };
		24B14A116264942BB1614491 /* AppDelegate.swift in Sources */ = {isa = PBXBuildFile; fileRef = 16AF7B20AD527C9F2714A3E4 /* AppDelegate.swift */; };
		31A731F75D693E46F09F2AB9 /* MLXServerSettings.swift in Sources */ = {isa = PBXBuildFile; fileRef = 687D116C9C28C6413A9549E2 /* MLXServerSettings.swift */; };
		35AB8B41E6BDAC29B2B35AC7 /* LocalModelProvider.swift in Sources */ = {isa = PBXBuildFile; fileRef = 29DBC04420F64DAD6CBF90ED /* LocalModelProvider.swift */; };
		48A224C95E9B112859EAE0CC /* ImageGenerationViewModel.swift in Sources */ = {isa = PBXBuildFile; fileRef = 0CAD4146AC9719AD9863EF4D /* ImageGenerationViewModel.swift */; };
		559891D535CC6A05E036008C /* ModelsView.swift in Sources */ = {isa = PBXBuildFile; fileRef = AF697E2D43BA29469CD8D488 /* ModelsView.swift */; };
		56D7E25EDF2B04A4C5286C60 /* ModelProviderIcons in Resources */ = {isa = PBXBuildFile; fileRef = 4B449F1D492B0FB584C3307E /* ModelProviderIcons */; };
		7460B4A2D36DD1E51A0441D0 /* Textual in Frameworks */ = {isa = PBXBuildFile; productRef = 6EC9B105D8EE975D457592E4 /* Textual */; };
		76BE29583173613B38297801 /* ChatSessionStore.swift in Sources */ = {isa = PBXBuildFile; fileRef = 1E3568182FCF0ED02196B011 /* ChatSessionStore.swift */; };
		809CFC3BDFF7CDDE361A1BD1 /* ChatComposer.swift in Sources */ = {isa = PBXBuildFile; fileRef = 7DAA68101502BE47E4CCEF98 /* ChatComposer.swift */; };
		95F147527789271CC67FED1F /* MarkdownFormatting.swift in Sources */ = {isa = PBXBuildFile; fileRef = ECB6A9FBC8B4784C12A43E62 /* MarkdownFormatting.swift */; };
		9B00223459B5BABD8FBF7F18 /* DashboardViewModel.swift in Sources */ = {isa = PBXBuildFile; fileRef = EAD0A768C3DCB10992FDEA4C /* DashboardViewModel.swift */; };
		CFC0A56F9A08055DB13D8007 /* Formatting.swift in Sources */ = {isa = PBXBuildFile; fileRef = 5E990F983103BE071A5DFE51 /* Formatting.swift */; };
		D135AA987095DBF4C55C3A0D /* ChatView.swift in Sources */ = {isa = PBXBuildFile; fileRef = 8B046C28CBCFB7E4FA8610E3 /* ChatView.swift */; };
		D4BE8ECD5487055B1E9B0ED1 /* LogsView.swift in Sources */ = {isa = PBXBuildFile; fileRef = 2B61BAD9813F4D87AC7898E8 /* LogsView.swift */; };
		DD726A45F5C6AED0FF38E82D /* MLXServerKit.swift in Sources */ = {isa = PBXBuildFile; fileRef = 6776FF6417E520723AB5D793 /* MLXServerKit.swift */; };
		DFB0FFEF8B4D3CD98E3B2F6E /* MLXServerAnalyticsStore.swift in Sources */ = {isa = PBXBuildFile; fileRef = 18A3D8D901D1BC7264782096 /* MLXServerAnalyticsStore.swift */; };
		E00C9A2448D11F1DEEE214A3 /* HuggingFaceHub.swift in Sources */ = {isa = PBXBuildFile; fileRef = 72AA66BACD7905E1AE7CA4A0 /* HuggingFaceHub.swift */; };
		E53B4D1ACAC317E37B697C53 /* StatsView.swift in Sources */ = {isa = PBXBuildFile; fileRef = 1C8044F4520242259F93D5C5 /* StatsView.swift */; };
		EF5912E2A9204612E3945098 /* MLXServerChatClient.swift in Sources */ = {isa = PBXBuildFile; fileRef = D57AF974FB413126871D42D8 /* MLXServerChatClient.swift */; };
		F0263DC32270CDA7D3AA6CB7 /* LocalModelDiscovery.swift in Sources */ = {isa = PBXBuildFile; fileRef = 42B2F073842042B04E4BB7F2 /* LocalModelDiscovery.swift */; };
		F2ADAC6876A9A40B87E0FA3E /* ControlPanelView.swift in Sources */ = {isa = PBXBuildFile; fileRef = 96E4D31D5B9C910FF22A43EC /* ControlPanelView.swift */; };
		F2D7A645EE478C022C30752E /* Main.swift in Sources */ = {isa = PBXBuildFile; fileRef = 7BCE86ED81B58ABC9D504A16 /* Main.swift */; };
		FEFF2E8D7A1DF229ED25D214 /* ImageGenerationView.swift in Sources */ = {isa = PBXBuildFile; fileRef = CE692233F7535968F19D4052 /* ImageGenerationView.swift */; };
/* End PBXBuildFile section */

/* Begin PBXContainerItemProxy section */
		5EACDB823BDE7C3620783294 /* PBXContainerItemProxy */ = {
			isa = PBXContainerItemProxy;
			containerPortal = 687701AE049E3D24AF572BF3 /* Project object */;
			proxyType = 1;
			remoteGlobalIDString = 3E252B6E9F29FD547270EE89;
			remoteInfo = MLXServerKit;
		};
/* End PBXContainerItemProxy section */

/* Begin PBXCopyFilesBuildPhase section */
		C8937787B6F7DCC2B6BE9226 /* Embed Frameworks */ = {
			isa = PBXCopyFilesBuildPhase;
			buildActionMask = 2147483647;
			dstPath = "";
			dstSubfolderSpec = 10;
			files = (
				1B49400F4523A4F61CBCAF9E /* MLXServerKit.framework in Embed Frameworks */,
			);
			name = "Embed Frameworks";
			runOnlyForDeploymentPostprocessing = 0;
		};
/* End PBXCopyFilesBuildPhase section */

/* Begin PBXFileReference section */
		00894697C171C6B288BF0103 /* MLXServerModel.swift */ = {isa = PBXFileReference; lastKnownFileType = sourcecode.swift; path = MLXServerModel.swift; sourceTree = "<group>"; };
		0CAD4146AC9719AD9863EF4D /* ImageGenerationViewModel.swift */ = {isa = PBXFileReference; lastKnownFileType = sourcecode.swift; path = ImageGenerationViewModel.swift; sourceTree = "<group>"; };
		15AE0B934327136178FAC319 /* MLXServerImageClient.swift */ = {isa = PBXFileReference; lastKnownFileType = sourcecode.swift; path = MLXServerImageClient.swift; sourceTree = "<group>"; };
		16AF7B20AD527C9F2714A3E4 /* AppDelegate.swift */ = {isa = PBXFileReference; lastKnownFileType = sourcecode.swift; path = AppDelegate.swift; sourceTree = "<group>"; };
		18A3D8D901D1BC7264782096 /* MLXServerAnalyticsStore.swift */ = {isa = PBXFileReference; lastKnownFileType = sourcecode.swift; path = MLXServerAnalyticsStore.swift; sourceTree = "<group>"; };
		1C8044F4520242259F93D5C5 /* StatsView.swift */ = {isa = PBXFileReference; lastKnownFileType = sourcecode.swift; path = StatsView.swift; sourceTree = "<group>"; };
		1E3568182FCF0ED02196B011 /* ChatSessionStore.swift */ = {isa = PBXFileReference; lastKnownFileType = sourcecode.swift; path = ChatSessionStore.swift; sourceTree = "<group>"; };
		29DBC04420F64DAD6CBF90ED /* LocalModelProvider.swift */ = {isa = PBXFileReference; lastKnownFileType = sourcecode.swift; path = LocalModelProvider.swift; sourceTree = "<group>"; };
		2B61BAD9813F4D87AC7898E8 /* LogsView.swift */ = {isa = PBXFileReference; lastKnownFileType = sourcecode.swift; path = LogsView.swift; sourceTree = "<group>"; };
		32C59FCF6B22E2798D525B70 /* MLXServerKit.framework */ = {isa = PBXFileReference; explicitFileType = wrapper.framework; includeInIndex = 0; path = MLXServerKit.framework; sourceTree = BUILT_PRODUCTS_DIR; };
		42B2F073842042B04E4BB7F2 /* LocalModelDiscovery.swift */ = {isa = PBXFileReference; lastKnownFileType = sourcecode.swift; path = LocalModelDiscovery.swift; sourceTree = "<group>"; };
		4B449F1D492B0FB584C3307E /* ModelProviderIcons */ = {isa = PBXFileReference; lastKnownFileType = folder; name = ModelProviderIcons; path = Sources/MLXVLMServer/ModelProviderIcons; sourceTree = SOURCE_ROOT; };
		5E990F983103BE071A5DFE51 /* Formatting.swift */ = {isa = PBXFileReference; lastKnownFileType = sourcecode.swift; path = Formatting.swift; sourceTree = "<group>"; };
		6776FF6417E520723AB5D793 /* MLXServerKit.swift */ = {isa = PBXFileReference; lastKnownFileType = sourcecode.swift; path = MLXServerKit.swift; sourceTree = "<group>"; };
		687D116C9C28C6413A9549E2 /* MLXServerSettings.swift */ = {isa = PBXFileReference; lastKnownFileType = sourcecode.swift; path = MLXServerSettings.swift; sourceTree = "<group>"; };
		72AA66BACD7905E1AE7CA4A0 /* HuggingFaceHub.swift */ = {isa = PBXFileReference; lastKnownFileType = sourcecode.swift; path = HuggingFaceHub.swift; sourceTree = "<group>"; };
		7BCE86ED81B58ABC9D504A16 /* Main.swift */ = {isa = PBXFileReference; lastKnownFileType = sourcecode.swift; path = Main.swift; sourceTree = "<group>"; };
		7DAA68101502BE47E4CCEF98 /* ChatComposer.swift */ = {isa = PBXFileReference; lastKnownFileType = sourcecode.swift; path = ChatComposer.swift; sourceTree = "<group>"; };
		8B046C28CBCFB7E4FA8610E3 /* ChatView.swift */ = {isa = PBXFileReference; lastKnownFileType = sourcecode.swift; path = ChatView.swift; sourceTree = "<group>"; };
		96E4D31D5B9C910FF22A43EC /* ControlPanelView.swift */ = {isa = PBXFileReference; lastKnownFileType = sourcecode.swift; path = ControlPanelView.swift; sourceTree = "<group>"; };
		AF697E2D43BA29469CD8D488 /* ModelsView.swift */ = {isa = PBXFileReference; lastKnownFileType = sourcecode.swift; path = ModelsView.swift; sourceTree = "<group>"; };
		BF4C45160D3E7766501AEF95 /* Signing.xcconfig */ = {isa = PBXFileReference; lastKnownFileType = text.xcconfig; path = Signing.xcconfig; sourceTree = "<group>"; };
		CE692233F7535968F19D4052 /* ImageGenerationView.swift */ = {isa = PBXFileReference; lastKnownFileType = sourcecode.swift; path = ImageGenerationView.swift; sourceTree = "<group>"; };
		D57AF974FB413126871D42D8 /* MLXServerChatClient.swift */ = {isa = PBXFileReference; lastKnownFileType = sourcecode.swift; path = MLXServerChatClient.swift; sourceTree = "<group>"; };
		E269C7A536273D317B712940 /* MLXVLMServer.app */ = {isa = PBXFileReference; explicitFileType = wrapper.application; includeInIndex = 0; path = MLXVLMServer.app; sourceTree = BUILT_PRODUCTS_DIR; };
		EAD0A768C3DCB10992FDEA4C /* DashboardViewModel.swift */ = {isa = PBXFileReference; lastKnownFileType = sourcecode.swift; path = DashboardViewModel.swift; sourceTree = "<group>"; };
		ECB6A9FBC8B4784C12A43E62 /* MarkdownFormatting.swift */ = {isa = PBXFileReference; lastKnownFileType = sourcecode.swift; path = MarkdownFormatting.swift; sourceTree = "<group>"; };
		F8ECD51410493D4D5463DEAB /* ChatConfigurationView.swift */ = {isa = PBXFileReference; lastKnownFileType = sourcecode.swift; path = ChatConfigurationView.swift; sourceTree = "<group>"; };
/* End PBXFileReference section */

/* Begin PBXFrameworksBuildPhase section */
		43B7A77828DBA128B16C7BD9 /* Frameworks */ = {
			isa = PBXFrameworksBuildPhase;
			buildActionMask = 2147483647;
			files = (
				0E204CDE3A896369EB992489 /* MLXServerKit.framework in Frameworks */,
				7460B4A2D36DD1E51A0441D0 /* Textual in Frameworks */,
			);
			runOnlyForDeploymentPostprocessing = 0;
		};
/* End PBXFrameworksBuildPhase section */

/* Begin PBXGroup section */
		1268A078D20A160AE5DA3797 /* Products */ = {
			isa = PBXGroup;
			children = (
				32C59FCF6B22E2798D525B70 /* MLXServerKit.framework */,
				E269C7A536273D317B712940 /* MLXVLMServer.app */,
			);
			name = Products;
			sourceTree = "<group>";
		};
		13DC51C6F3D2E4CCFB2E2E67 /* Utilities */ = {
			isa = PBXGroup;
			children = (
				5E990F983103BE071A5DFE51 /* Formatting.swift */,
				ECB6A9FBC8B4784C12A43E62 /* MarkdownFormatting.swift */,
			);
			path = Utilities;
			sourceTree = "<group>";
		};
		18C60A57A1B164CE5772A698 /* Models */ = {
			isa = PBXGroup;
			children = (
				72AA66BACD7905E1AE7CA4A0 /* HuggingFaceHub.swift */,
				42B2F073842042B04E4BB7F2 /* LocalModelDiscovery.swift */,
				29DBC04420F64DAD6CBF90ED /* LocalModelProvider.swift */,
				AF697E2D43BA29469CD8D488 /* ModelsView.swift */,
			);
			path = Models;
			sourceTree = "<group>";
		};
		564F627D343CACAB2E5976D3 /* Logs */ = {
			isa = PBXGroup;
			children = (
				2B61BAD9813F4D87AC7898E8 /* LogsView.swift */,
			);
			path = Logs;
			sourceTree = "<group>";
		};
		67EB185605F5572E9547B0AD = {
			isa = PBXGroup;
			children = (
				FDE1ED4D6E499ED61DB665DB /* Configuration */,
				FE26E9FE6B1514774EBADEBF /* Sources */,
				1268A078D20A160AE5DA3797 /* Products */,
			);
			sourceTree = "<group>";
		};
		95601D7D7279D36575A48CD3 /* MLXServerKit */ = {
			isa = PBXGroup;
			children = (
				D57AF974FB413126871D42D8 /* MLXServerChatClient.swift */,
				15AE0B934327136178FAC319 /* MLXServerImageClient.swift */,
				6776FF6417E520723AB5D793 /* MLXServerKit.swift */,
			);
			path = MLXServerKit;
			sourceTree = "<group>";
		};
		9CBA415AADC587E610B8DEA1 /* Features */ = {
			isa = PBXGroup;
			children = (
				CFF6D3036968B28984A6174C /* Chat */,
				A0752B43774B46808A356B00 /* Dashboard */,
				EB247939D5DBEF9E466D5E09 /* ImageGeneration */,
				564F627D343CACAB2E5976D3 /* Logs */,
				18C60A57A1B164CE5772A698 /* Models */,
			);
			path = Features;
			sourceTree = "<group>";
		};
		A0752B43774B46808A356B00 /* Dashboard */ = {
			isa = PBXGroup;
			children = (
				EAD0A768C3DCB10992FDEA4C /* DashboardViewModel.swift */,
				18A3D8D901D1BC7264782096 /* MLXServerAnalyticsStore.swift */,
				1C8044F4520242259F93D5C5 /* StatsView.swift */,
			);
			path = Dashboard;
			sourceTree = "<group>";
		};
		B8E0B913F58F550A06804B77 /* MLXVLMServer */ = {
			isa = PBXGroup;
			children = (
				16AF7B20AD527C9F2714A3E4 /* AppDelegate.swift */,
				96E4D31D5B9C910FF22A43EC /* ControlPanelView.swift */,
				7BCE86ED81B58ABC9D504A16 /* Main.swift */,
				00894697C171C6B288BF0103 /* MLXServerModel.swift */,
				687D116C9C28C6413A9549E2 /* MLXServerSettings.swift */,
				4B449F1D492B0FB584C3307E /* ModelProviderIcons */,
				9CBA415AADC587E610B8DEA1 /* Features */,
				13DC51C6F3D2E4CCFB2E2E67 /* Utilities */,
			);
			path = MLXVLMServer;
			sourceTree = "<group>";
		};
		CFF6D3036968B28984A6174C /* Chat */ = {
			isa = PBXGroup;
			children = (
				7DAA68101502BE47E4CCEF98 /* ChatComposer.swift */,
				F8ECD51410493D4D5463DEAB /* ChatConfigurationView.swift */,
				1E3568182FCF0ED02196B011 /* ChatSessionStore.swift */,
				8B046C28CBCFB7E4FA8610E3 /* ChatView.swift */,
			);
			path = Chat;
			sourceTree = "<group>";
		};
		EB247939D5DBEF9E466D5E09 /* ImageGeneration */ = {
			isa = PBXGroup;
			children = (
				CE692233F7535968F19D4052 /* ImageGenerationView.swift */,
				0CAD4146AC9719AD9863EF4D /* ImageGenerationViewModel.swift */,
			);
			path = ImageGeneration;
			sourceTree = "<group>";
		};
		FDE1ED4D6E499ED61DB665DB /* Configuration */ = {
			isa = PBXGroup;
			children = (
				BF4C45160D3E7766501AEF95 /* Signing.xcconfig */,
			);
			path = Configuration;
			sourceTree = "<group>";
		};
		FE26E9FE6B1514774EBADEBF /* Sources */ = {
			isa = PBXGroup;
			children = (
				95601D7D7279D36575A48CD3 /* MLXServerKit */,
				B8E0B913F58F550A06804B77 /* MLXVLMServer */,
			);
			path = Sources;
			sourceTree = "<group>";
		};
/* End PBXGroup section */

/* Begin PBXNativeTarget section */
		3E252B6E9F29FD547270EE89 /* MLXServerKit */ = {
			isa = PBXNativeTarget;
			buildConfigurationList = 5986073A117725A522B17454 /* Build configuration list for PBXNativeTarget "MLXServerKit" */;
			buildPhases = (
				1614EDCCA37DCEDEDC3510D5 /* Sources */,
				A03ACDD3249F07CDC7D469B5 /* Build mlx-vlm-server resource */,
			);
			buildRules = (
			);
			dependencies = (
			);
			name = MLXServerKit;
			packageProductDependencies = (
			);
			productName = MLXServerKit;
			productReference = 32C59FCF6B22E2798D525B70 /* MLXServerKit.framework */;
			productType = "com.apple.product-type.framework";
		};
		AF7DEFE088E22243EF9F58FD /* MLXVLMServer */ = {
			isa = PBXNativeTarget;
			buildConfigurationList = B7576D4347B26CDC091FE4BE /* Build configuration list for PBXNativeTarget "MLXVLMServer" */;
			buildPhases = (
				5BD531C872FDC53F52804ABB /* Sources */,
				8D1152770E3099141D0D1D11 /* Resources */,
				43B7A77828DBA128B16C7BD9 /* Frameworks */,
				C8937787B6F7DCC2B6BE9226 /* Embed Frameworks */,
			);
			buildRules = (
			);
			dependencies = (
				1A2BE84284F7C3C80622FB93 /* PBXTargetDependency */,
			);
			name = MLXVLMServer;
			packageProductDependencies = (
				6EC9B105D8EE975D457592E4 /* Textual */,
			);
			productName = MLXVLMServer;
			productReference = E269C7A536273D317B712940 /* MLXVLMServer.app */;
			productType = "com.apple.product-type.application";
		};
/* End PBXNativeTarget section */

/* Begin PBXProject section */
		687701AE049E3D24AF572BF3 /* Project object */ = {
			isa = PBXProject;
			attributes = {
				BuildIndependentTargetsInParallel = YES;
				LastUpgradeCheck = 1430;
				TargetAttributes = {
					3E252B6E9F29FD547270EE89 = {
						DevelopmentTeam = V8MWN7GKJ5;
						ProvisioningStyle = Automatic;
					};
					AF7DEFE088E22243EF9F58FD = {
						DevelopmentTeam = V8MWN7GKJ5;
						ProvisioningStyle = Automatic;
					};
				};
			};
			buildConfigurationList = A7B987521A587FFC32A46ABC /* Build configuration list for PBXProject "MLXPlatform" */;
			developmentRegion = en;
			hasScannedForEncodings = 0;
			knownRegions = (
				Base,
				en,
			);
			mainGroup = 67EB185605F5572E9547B0AD;
			minimizedProjectReferenceProxies = 1;
			packageReferences = (
				EE56DF359FB68B1195E2EBAE /* XCRemoteSwiftPackageReference "textual" */,
			);
			preferredProjectObjectVersion = 77;
			productRefGroup = 1268A078D20A160AE5DA3797 /* Products */;
			projectDirPath = "";
			projectRoot = "";
			targets = (
				3E252B6E9F29FD547270EE89 /* MLXServerKit */,
				AF7DEFE088E22243EF9F58FD /* MLXVLMServer */,
			);
		};
/* End PBXProject section */

/* Begin PBXResourcesBuildPhase section */
		8D1152770E3099141D0D1D11 /* Resources */ = {
			isa = PBXResourcesBuildPhase;
			buildActionMask = 2147483647;
			files = (
				56D7E25EDF2B04A4C5286C60 /* ModelProviderIcons in Resources */,
			);
			runOnlyForDeploymentPostprocessing = 0;
		};
/* End PBXResourcesBuildPhase section */

/* Begin PBXShellScriptBuildPhase section */
		A03ACDD3249F07CDC7D469B5 /* Build mlx-vlm-server resource */ = {
			isa = PBXShellScriptBuildPhase;
			alwaysOutOfDate = 1;
			buildActionMask = 2147483647;
			files = (
			);
			inputFileListPaths = (
			);
			inputPaths = (
			);
			name = "Build mlx-vlm-server resource";
			outputFileListPaths = (
			);
			outputPaths = (
			);
			runOnlyForDeploymentPostprocessing = 0;
			shellPath = /bin/sh;
			shellScript = "set -euo pipefail\nMLX_VLM_MAIN_CHECKOUT=\"$SRCROOT/../mlx-vlm\"\nif [ -d \"$MLX_VLM_MAIN_CHECKOUT/.git\" ] && command -v git >/dev/null 2>&1; then\n  echo \"Using local mlx-vlm checkout: $MLX_VLM_MAIN_CHECKOUT ($(git -C \"$MLX_VLM_MAIN_CHECKOUT\" branch --show-current))\"\n  export MLX_VLM_SOURCE_PATH=\"$MLX_VLM_MAIN_CHECKOUT\"\nfi\npython3 \"$SRCROOT/PythonDistribution/Scripts/build_xcode_framework_resource.py\"\n";
		};
/* End PBXShellScriptBuildPhase section */

/* Begin PBXSourcesBuildPhase section */
		1614EDCCA37DCEDEDC3510D5 /* Sources */ = {
			isa = PBXSourcesBuildPhase;
			buildActionMask = 2147483647;
			files = (
				EF5912E2A9204612E3945098 /* MLXServerChatClient.swift in Sources */,
				1ACD7C1CA60EA1DEDE1FF275 /* MLXServerImageClient.swift in Sources */,
				DD726A45F5C6AED0FF38E82D /* MLXServerKit.swift in Sources */,
			);
			runOnlyForDeploymentPostprocessing = 0;
		};
		5BD531C872FDC53F52804ABB /* Sources */ = {
			isa = PBXSourcesBuildPhase;
			buildActionMask = 2147483647;
			files = (
				24B14A116264942BB1614491 /* AppDelegate.swift in Sources */,
				809CFC3BDFF7CDDE361A1BD1 /* ChatComposer.swift in Sources */,
				0742C765B9160A29FCD9478D /* ChatConfigurationView.swift in Sources */,
				76BE29583173613B38297801 /* ChatSessionStore.swift in Sources */,
				D135AA987095DBF4C55C3A0D /* ChatView.swift in Sources */,
				F2ADAC6876A9A40B87E0FA3E /* ControlPanelView.swift in Sources */,
				9B00223459B5BABD8FBF7F18 /* DashboardViewModel.swift in Sources */,
				CFC0A56F9A08055DB13D8007 /* Formatting.swift in Sources */,
				E00C9A2448D11F1DEEE214A3 /* HuggingFaceHub.swift in Sources */,
				FEFF2E8D7A1DF229ED25D214 /* ImageGenerationView.swift in Sources */,
				48A224C95E9B112859EAE0CC /* ImageGenerationViewModel.swift in Sources */,
				F0263DC32270CDA7D3AA6CB7 /* LocalModelDiscovery.swift in Sources */,
				35AB8B41E6BDAC29B2B35AC7 /* LocalModelProvider.swift in Sources */,
				D4BE8ECD5487055B1E9B0ED1 /* LogsView.swift in Sources */,
				DFB0FFEF8B4D3CD98E3B2F6E /* MLXServerAnalyticsStore.swift in Sources */,
				09BD37A10A985C7C9F7B7C6E /* MLXServerModel.swift in Sources */,
				31A731F75D693E46F09F2AB9 /* MLXServerSettings.swift in Sources */,
				F2D7A645EE478C022C30752E /* Main.swift in Sources */,
				95F147527789271CC67FED1F /* MarkdownFormatting.swift in Sources */,
				559891D535CC6A05E036008C /* ModelsView.swift in Sources */,
				E53B4D1ACAC317E37B697C53 /* StatsView.swift in Sources */,
			);
			runOnlyForDeploymentPostprocessing = 0;
		};
/* End PBXSourcesBuildPhase section */

/* Begin PBXTargetDependency section */
		1A2BE84284F7C3C80622FB93 /* PBXTargetDependency */ = {
			isa = PBXTargetDependency;
			target = 3E252B6E9F29FD547270EE89 /* MLXServerKit */;
			targetProxy = 5EACDB823BDE7C3620783294 /* PBXContainerItemProxy */;
		};
/* End PBXTargetDependency section */

/* Begin XCBuildConfiguration section */
		261A4654FC7B74074DC601AB /* Debug */ = {
			isa = XCBuildConfiguration;
			buildSettings = {
				ALWAYS_SEARCH_USER_PATHS = NO;
				ARCHS = arm64;
				CLANG_ANALYZER_NONNULL = YES;
				CLANG_ANALYZER_NUMBER_OBJECT_CONVERSION = YES_AGGRESSIVE;
				CLANG_CXX_LANGUAGE_STANDARD = "gnu++14";
				CLANG_CXX_LIBRARY = "libc++";
				CLANG_ENABLE_MODULES = YES;
				CLANG_ENABLE_OBJC_ARC = YES;
				CLANG_ENABLE_OBJC_WEAK = YES;
				CLANG_WARN_BLOCK_CAPTURE_AUTORELEASING = YES;
				CLANG_WARN_BOOL_CONVERSION = YES;
				CLANG_WARN_COMMA = YES;
				CLANG_WARN_CONSTANT_CONVERSION = YES;
				CLANG_WARN_DEPRECATED_OBJC_IMPLEMENTATIONS = YES;
				CLANG_WARN_DIRECT_OBJC_ISA_USAGE = YES_ERROR;
				CLANG_WARN_DOCUMENTATION_COMMENTS = YES;
				CLANG_WARN_EMPTY_BODY = YES;
				CLANG_WARN_ENUM_CONVERSION = YES;
				CLANG_WARN_INFINITE_RECURSION = YES;
				CLANG_WARN_INT_CONVERSION = YES;
				CLANG_WARN_NON_LITERAL_NULL_CONVERSION = YES;
				CLANG_WARN_OBJC_IMPLICIT_RETAIN_SELF = YES;
				CLANG_WARN_OBJC_LITERAL_CONVERSION = YES;
				CLANG_WARN_OBJC_ROOT_CLASS = YES_ERROR;
				CLANG_WARN_QUOTED_INCLUDE_IN_FRAMEWORK_HEADER = YES;
				CLANG_WARN_RANGE_LOOP_ANALYSIS = YES;
				CLANG_WARN_STRICT_PROTOTYPES = YES;
				CLANG_WARN_SUSPICIOUS_MOVE = YES;
				CLANG_WARN_UNGUARDED_AVAILABILITY = YES_AGGRESSIVE;
				CLANG_WARN_UNREACHABLE_CODE = YES;
				CLANG_WARN__DUPLICATE_METHOD_MATCH = YES;
				COPY_PHASE_STRIP = NO;
				DEBUG_INFORMATION_FORMAT = dwarf;
				ENABLE_HARDENED_RUNTIME = YES;
				ENABLE_STRICT_OBJC_MSGSEND = YES;
				ENABLE_TESTABILITY = YES;
				GCC_C_LANGUAGE_STANDARD = gnu11;
				GCC_DYNAMIC_NO_PIC = NO;
				GCC_NO_COMMON_BLOCKS = YES;
				GCC_OPTIMIZATION_LEVEL = 0;
				GCC_PREPROCESSOR_DEFINITIONS = (
					"$(inherited)",
					"DEBUG=1",
				);
				GCC_WARN_64_TO_32_BIT_CONVERSION = YES;
				GCC_WARN_ABOUT_RETURN_TYPE = YES_ERROR;
				GCC_WARN_UNDECLARED_SELECTOR = YES;
				GCC_WARN_UNINITIALIZED_AUTOS = YES_AGGRESSIVE;
				GCC_WARN_UNUSED_FUNCTION = YES;
				GCC_WARN_UNUSED_VARIABLE = YES;
				MACOSX_DEPLOYMENT_TARGET = 14.0;
				MTL_ENABLE_DEBUG_INFO = INCLUDE_SOURCE;
				MTL_FAST_MATH = YES;
				ONLY_ACTIVE_ARCH = YES;
				PRODUCT_NAME = "$(TARGET_NAME)";
				SDKROOT = macosx;
				SWIFT_ACTIVE_COMPILATION_CONDITIONS = DEBUG;
				SWIFT_OPTIMIZATION_LEVEL = "-Onone";
				SWIFT_VERSION = 5.0;
			};
			name = Debug;
		};
		34E6CD8C1E400FA940DC96F9 /* Release */ = {
			isa = XCBuildConfiguration;
			baseConfigurationReference = BF4C45160D3E7766501AEF95 /* Signing.xcconfig */;
			buildSettings = {
				ARCHS = arm64;
				COMBINE_HIDPI_IMAGES = YES;
				CURRENT_PROJECT_VERSION = 1;
				DEFINES_MODULE = YES;
				DYLIB_COMPATIBILITY_VERSION = 1;
				DYLIB_CURRENT_VERSION = 1;
				DYLIB_INSTALL_NAME_BASE = "@rpath";
				GENERATE_INFOPLIST_FILE = YES;
				INSTALL_PATH = "$(LOCAL_LIBRARY_DIR)/Frameworks";
				LD_RUNPATH_SEARCH_PATHS = (
					"$(inherited)",
					"@executable_path/../Frameworks",
				);
				PRODUCT_BUNDLE_IDENTIFIER = "$(MLX_SERVER_KIT_BUNDLE_IDENTIFIER)";
				SDKROOT = macosx;
				SKIP_INSTALL = YES;
				VERSIONING_SYSTEM = "apple-generic";
			};
			name = Release;
		};
		B57AA87D53D84F62BA31C123 /* Debug */ = {
			isa = XCBuildConfiguration;
			baseConfigurationReference = BF4C45160D3E7766501AEF95 /* Signing.xcconfig */;
			buildSettings = {
				ARCHS = arm64;
				ASSETCATALOG_COMPILER_APPICON_NAME = AppIcon;
				COMBINE_HIDPI_IMAGES = YES;
				CURRENT_PROJECT_VERSION = 1;
				GENERATE_INFOPLIST_FILE = YES;
				INFOPLIST_KEY_CFBundleDisplayName = "MLX Server";
				INFOPLIST_KEY_CFBundleShortVersionString = "$(MARKETING_VERSION)";
				INFOPLIST_KEY_CFBundleVersion = "$(CURRENT_PROJECT_VERSION)";
				INFOPLIST_KEY_NSHighResolutionCapable = YES;
				INFOPLIST_KEY_NSHumanReadableCopyright = "Copyright © 2025 Prince Canuma & contributors";
				INFOPLIST_KEY_NSPrincipalClass = NSApplication;
				LD_RUNPATH_SEARCH_PATHS = (
					"$(inherited)",
					"@executable_path/../Frameworks",
				);
				MACOSX_DEPLOYMENT_TARGET = 26.0;
				MARKETING_VERSION = 0.1;
				PRODUCT_BUNDLE_IDENTIFIER = "$(MLX_VLM_SERVER_BUNDLE_IDENTIFIER)";
				SDKROOT = macosx;
			};
			name = Debug;
		};
		BB9468ACFF3324163AE03205 /* Release */ = {
			isa = XCBuildConfiguration;
			buildSettings = {
				ALWAYS_SEARCH_USER_PATHS = NO;
				ARCHS = arm64;
				CLANG_ANALYZER_NONNULL = YES;
				CLANG_ANALYZER_NUMBER_OBJECT_CONVERSION = YES_AGGRESSIVE;
				CLANG_CXX_LANGUAGE_STANDARD = "gnu++14";
				CLANG_CXX_LIBRARY = "libc++";
				CLANG_ENABLE_MODULES = YES;
				CLANG_ENABLE_OBJC_ARC = YES;
				CLANG_ENABLE_OBJC_WEAK = YES;
				CLANG_WARN_BLOCK_CAPTURE_AUTORELEASING = YES;
				CLANG_WARN_BOOL_CONVERSION = YES;
				CLANG_WARN_COMMA = YES;
				CLANG_WARN_CONSTANT_CONVERSION = YES;
				CLANG_WARN_DEPRECATED_OBJC_IMPLEMENTATIONS = YES;
				CLANG_WARN_DIRECT_OBJC_ISA_USAGE = YES_ERROR;
				CLANG_WARN_DOCUMENTATION_COMMENTS = YES;
				CLANG_WARN_EMPTY_BODY = YES;
				CLANG_WARN_ENUM_CONVERSION = YES;
				CLANG_WARN_INFINITE_RECURSION = YES;
				CLANG_WARN_INT_CONVERSION = YES;
				CLANG_WARN_NON_LITERAL_NULL_CONVERSION = YES;
				CLANG_WARN_OBJC_IMPLICIT_RETAIN_SELF = YES;
				CLANG_WARN_OBJC_LITERAL_CONVERSION = YES;
				CLANG_WARN_OBJC_ROOT_CLASS = YES_ERROR;
				CLANG_WARN_QUOTED_INCLUDE_IN_FRAMEWORK_HEADER = YES;
				CLANG_WARN_RANGE_LOOP_ANALYSIS = YES;
				CLANG_WARN_STRICT_PROTOTYPES = YES;
				CLANG_WARN_SUSPICIOUS_MOVE = YES;
				CLANG_WARN_UNGUARDED_AVAILABILITY = YES_AGGRESSIVE;
				CLANG_WARN_UNREACHABLE_CODE = YES;
				CLANG_WARN__DUPLICATE_METHOD_MATCH = YES;
				COPY_PHASE_STRIP = NO;
				DEBUG_INFORMATION_FORMAT = "dwarf-with-dsym";
				ENABLE_HARDENED_RUNTIME = YES;
				ENABLE_NS_ASSERTIONS = NO;
				ENABLE_STRICT_OBJC_MSGSEND = YES;
				GCC_C_LANGUAGE_STANDARD = gnu11;
				GCC_NO_COMMON_BLOCKS = YES;
				GCC_WARN_64_TO_32_BIT_CONVERSION = YES;
				GCC_WARN_ABOUT_RETURN_TYPE = YES_ERROR;
				GCC_WARN_UNDECLARED_SELECTOR = YES;
				GCC_WARN_UNINITIALIZED_AUTOS = YES_AGGRESSIVE;
				GCC_WARN_UNUSED_FUNCTION = YES;
				GCC_WARN_UNUSED_VARIABLE = YES;
				MACOSX_DEPLOYMENT_TARGET = 14.0;
				MTL_ENABLE_DEBUG_INFO = NO;
				MTL_FAST_MATH = YES;
				PRODUCT_NAME = "$(TARGET_NAME)";
				SDKROOT = macosx;
				SWIFT_COMPILATION_MODE = wholemodule;
				SWIFT_OPTIMIZATION_LEVEL = "-O";
				SWIFT_VERSION = 5.0;
			};
			name = Release;
		};
		E3A275114FA4A219A1642AD5 /* Release */ = {
			isa = XCBuildConfiguration;
			baseConfigurationReference = BF4C45160D3E7766501AEF95 /* Signing.xcconfig */;
			buildSettings = {
				ARCHS = arm64;
				ASSETCATALOG_COMPILER_APPICON_NAME = AppIcon;
				COMBINE_HIDPI_IMAGES = YES;
				CURRENT_PROJECT_VERSION = 1;
				GENERATE_INFOPLIST_FILE = YES;
				INFOPLIST_KEY_CFBundleDisplayName = "MLX Server";
				INFOPLIST_KEY_CFBundleShortVersionString = "$(MARKETING_VERSION)";
				INFOPLIST_KEY_CFBundleVersion = "$(CURRENT_PROJECT_VERSION)";
				INFOPLIST_KEY_NSHighResolutionCapable = YES;
				INFOPLIST_KEY_NSHumanReadableCopyright = "Copyright © 2025 Prince Canuma & contributors";
				INFOPLIST_KEY_NSPrincipalClass = NSApplication;
				LD_RUNPATH_SEARCH_PATHS = (
					"$(inherited)",
					"@executable_path/../Frameworks",
				);
				MACOSX_DEPLOYMENT_TARGET = 26.0;
				MARKETING_VERSION = 0.1;
				PRODUCT_BUNDLE_IDENTIFIER = "$(MLX_VLM_SERVER_BUNDLE_IDENTIFIER)";
				SDKROOT = macosx;
			};
			name = Release;
		};
		F620597A606CB60378255B80 /* Debug */ = {
			isa = XCBuildConfiguration;
			baseConfigurationReference = BF4C45160D3E7766501AEF95 /* Signing.xcconfig */;
			buildSettings = {
				ARCHS = arm64;
				COMBINE_HIDPI_IMAGES = YES;
				CURRENT_PROJECT_VERSION = 1;
				DEFINES_MODULE = YES;
				DYLIB_COMPATIBILITY_VERSION = 1;
				DYLIB_CURRENT_VERSION = 1;
				DYLIB_INSTALL_NAME_BASE = "@rpath";
				GENERATE_INFOPLIST_FILE = YES;
				INSTALL_PATH = "$(LOCAL_LIBRARY_DIR)/Frameworks";
				LD_RUNPATH_SEARCH_PATHS = (
					"$(inherited)",
					"@executable_path/../Frameworks",
				);
				PRODUCT_BUNDLE_IDENTIFIER = "$(MLX_SERVER_KIT_BUNDLE_IDENTIFIER)";
				SDKROOT = macosx;
				SKIP_INSTALL = YES;
				VERSIONING_SYSTEM = "apple-generic";
			};
			name = Debug;
		};
/* End XCBuildConfiguration section */

/* Begin XCConfigurationList section */
		5986073A117725A522B17454 /* Build configuration list for PBXNativeTarget "MLXServerKit" */ = {
			isa = XCConfigurationList;
			buildConfigurations = (
				F620597A606CB60378255B80 /* Debug */,
				34E6CD8C1E400FA940DC96F9 /* Release */,
			);
			defaultConfigurationIsVisible = 0;
			defaultConfigurationName = Debug;
		};
		A7B987521A587FFC32A46ABC /* Build configuration list for PBXProject "MLXPlatform" */ = {
			isa = XCConfigurationList;
			buildConfigurations = (
				261A4654FC7B74074DC601AB /* Debug */,
				BB9468ACFF3324163AE03205 /* Release */,
			);
			defaultConfigurationIsVisible = 0;
			defaultConfigurationName = Debug;
		};
		B7576D4347B26CDC091FE4BE /* Build configuration list for PBXNativeTarget "MLXVLMServer" */ = {
			isa = XCConfigurationList;
			buildConfigurations = (
				B57AA87D53D84F62BA31C123 /* Debug */,
				E3A275114FA4A219A1642AD5 /* Release */,
			);
			defaultConfigurationIsVisible = 0;
			defaultConfigurationName = Debug;
		};
/* End XCConfigurationList section */

/* Begin XCRemoteSwiftPackageReference section */
		EE56DF359FB68B1195E2EBAE /* XCRemoteSwiftPackageReference "textual" */ = {
			isa = XCRemoteSwiftPackageReference;
			repositoryURL = "https://github.com/gonzalezreal/textual.git";
			requirement = {
				kind = exactVersion;
				version = 0.5.0;
			};
		};
/* End XCRemoteSwiftPackageReference section */

/* Begin XCSwiftPackageProductDependency section */
		6EC9B105D8EE975D457592E4 /* Textual */ = {
			isa = XCSwiftPackageProductDependency;
			package = EE56DF359FB68B1195E2EBAE /* XCRemoteSwiftPackageReference "textual" */;
			productName = Textual;
		};
/* End XCSwiftPackageProductDependency section */
	};
	rootObject = 687701AE049E3D24AF572BF3 /* Project object */;
}
